memo = "f3c20965e15cc1c9a700e2f2153da9892456e85dfcb056a5a3769beaa7820d41"

[[projects]]
  branch = "master"
  name = "github.com/hnakamur/ltsvlog"
  packages = ["."]
  revision = "34eda4ddde463192c0a689bf23b9fa1ebb738671"

[[projects]]
  branch = "master"
  name = "github.com/hnakamur/zap-ltsv"
  packages = ["."]
  revision = "55642a0d4f654fb1d019a34b43e6a7b428ac2f0c"

[[projects]]
  branch = "master"
  name = "github.com/rs/zerolog"
  packages = ["."]
  revision = "bf4b44614c4fe42f071ba7162e4898edaef8fa1e"

[[projects]]
  name = "go.uber.org/atomic"
  packages = ["."]
  revision = "4e336646b2ef9fc6e47be8e21594178f98e5ebcf"
  version = "v1.2.0"

[[projects]]
  name = "go.uber.org/zap"
  packages = [".","buffer","internal/bufferpool","internal/color","internal/exit","internal/multierror","zapcore"]
  revision = "fab453050a7a08c35f31fc5fff6f2dbd962285ab"
  version = "v1.4.0"
