memo = "6dd57a8a71bcc27070acf844d2bc68a72a80b24e5444e6c10afd7143e782da69"

[[projects]]
  branch = "master"
  name = "github.com/hnakamur/ltsvlog"
  packages = ["."]
  revision = "c5ae18102fa0294f3db3accb87e4ac98aebe6ba7"

[[projects]]
  branch = "master"
  name = "github.com/hnakamur/zap-ltsv"
  packages = ["."]
  revision = "55642a0d4f654fb1d019a34b43e6a7b428ac2f0c"

[[projects]]
  branch = "master"
  name = "github.com/rs/zerolog"
  packages = ["."]
  revision = "77726764eda3d86df495c2759fb8b38b204ec61d"

[[projects]]
  branch = "master"
  name = "go.uber.org/atomic"
  packages = ["."]
  revision = "1d7f075bbe2659dfefbcb41e135048f29da50547"

[[projects]]
  name = "go.uber.org/zap"
  packages = [".","buffer","internal/bufferpool","internal/color","internal/exit","internal/multierror","zapcore"]
  revision = "fab453050a7a08c35f31fc5fff6f2dbd962285ab"
  version = "v1.4.0"
