memo = "f0d869e81d225e4375720e56de117aab10459c25460e26ac8ddcc6f78180f08c"

[[projects]]
  name = "github.com/hnakamur/ltsvlog"
  packages = ["."]
  revision = "8eb437ad877f997edd904c7acebd39f1c0ca3d93"

[[projects]]
  branch = "master"
  name = "github.com/hnakamur/zap-ltsv"
  packages = ["."]
  revision = "55642a0d4f654fb1d019a34b43e6a7b428ac2f0c"

[[projects]]
  branch = "master"
  name = "github.com/rs/zerolog"
  packages = ["."]
  revision = "77726764eda3d86df495c2759fb8b38b204ec61d"

[[projects]]
  branch = "master"
  name = "go.uber.org/atomic"
  packages = ["."]
  revision = "1d7f075bbe2659dfefbcb41e135048f29da50547"

[[projects]]
  name = "go.uber.org/zap"
  packages = [".","buffer","internal/bufferpool","internal/color","internal/exit","internal/multierror","zapcore"]
  revision = "fab453050a7a08c35f31fc5fff6f2dbd962285ab"
  version = "v1.4.0"
